
Microsoft Visual Studio Solution File, Format Version 12.00
# Visual Studio 15
VisualStudioVersion = 15.0.27130.0
MinimumVisualStudioVersion = 10.0.40219.1
Project("{FAE04EC0-301F-11D3-BF4B-00C04F79EFBC}") = "KtMobileApp.Android", "KtMobileApp\KtMobileApp.Android\KtMobileApp.Android.csproj", "{1EC6AEAC-6164-490F-983F-2EC3DD314C63}"
EndProject
Project("{FAE04EC0-301F-11D3-BF4B-00C04F79EFBC}") = "KtMobileApp.iOS", "KtMobileApp\KtMobileApp.iOS\KtMobileApp.iOS.csproj", "{B85CBD81-B726-4D0F-8829-9E9E5DFB2B54}"
EndProject
Project("{9A19103F-16F7-4668-BE54-9A1E7A4F7556}") = "KtMobileApp", "KtMobileApp\KtMobileApp\KtMobileApp.csproj", "{5BE2DD6B-3AEE-4557-A875-93BFC2AE8FF1}"
EndProject
Project("{FAE04EC0-301F-11D3-BF4B-00C04F79EFBC}") = "KT.BusinessLayer", "KT.BusinessLayer\KT.BusinessLayer.csproj", "{453522E0-FEE4-4E33-9CBA-812FAFDAFC8A}"
EndProject
Project("{FAE04EC0-301F-11D3-BF4B-00C04F79EFBC}") = "KT.DAL", "KT.DAL\KT.DAL.csproj", "{CAF25E43-1135-4D44-A88A-8B5DAEE70375}"
EndProject
Project("{2150E333-8FDC-42A3-9474-1A3956D46DE8}") = "Test", "Test", "{211FA8D4-DC4B-4FD8-9D53-E6EF3A221F83}"
EndProject
Project("{FAE04EC0-301F-11D3-BF4B-00C04F79EFBC}") = "Sqlite.test", "Sqlite.test\Sqlite.test.csproj", "{A8315C2A-A126-4690-BC62-358300AA6E5D}"
EndProject
Global
	GlobalSection(SolutionConfigurationPlatforms) = preSolution
		Ad-Hoc|Any CPU = Ad-Hoc|Any CPU
		Ad-Hoc|ARM = Ad-Hoc|ARM
		Ad-Hoc|iPhone = Ad-Hoc|iPhone
		Ad-Hoc|iPhoneSimulator = Ad-Hoc|iPhoneSimulator
		Ad-Hoc|x64 = Ad-Hoc|x64
		Ad-Hoc|x86 = Ad-Hoc|x86
		AppStore|Any CPU = AppStore|Any CPU
		AppStore|ARM = AppStore|ARM
		AppStore|iPhone = AppStore|iPhone
		AppStore|iPhoneSimulator = AppStore|iPhoneSimulator
		AppStore|x64 = AppStore|x64
		AppStore|x86 = AppStore|x86
		Debug|Any CPU = Debug|Any CPU
		Debug|ARM = Debug|ARM
		Debug|iPhone = Debug|iPhone
		Debug|iPhoneSimulator = Debug|iPhoneSimulator
		Debug|x64 = Debug|x64
		Debug|x86 = Debug|x86
		Release|Any CPU = Release|Any CPU
		Release|ARM = Release|ARM
		Release|iPhone = Release|iPhone
		Release|iPhoneSimulator = Release|iPhoneSimulator
		Release|x64 = Release|x64
		Release|x86 = Release|x86
	EndGlobalSection
	GlobalSection(ProjectConfigurationPlatforms) = postSolution
		{1EC6AEAC-6164-490F-983F-2EC3DD314C63}.Ad-Hoc|Any CPU.ActiveCfg = Release|Any CPU
		{1EC6AEAC-6164-490F-983F-2EC3DD314C63}.Ad-Hoc|Any CPU.Build.0 = Release|Any CPU
		{1EC6AEAC-6164-490F-983F-2EC3DD314C63}.Ad-Hoc|Any CPU.Deploy.0 = Release|Any CPU
		{1EC6AEAC-6164-490F-983F-2EC3DD314C63}.Ad-Hoc|ARM.ActiveCfg = Release|Any CPU
		{1EC6AEAC-6164-490F-983F-2EC3DD314C63}.Ad-Hoc|ARM.Build.0 = Release|Any CPU
		{1EC6AEAC-6164-490F-983F-2EC3DD314C63}.Ad-Hoc|ARM.Deploy.0 = Release|Any CPU
		{1EC6AEAC-6164-490F-983F-2EC3DD314C63}.Ad-Hoc|iPhone.ActiveCfg = Release|Any CPU
		{1EC6AEAC-6164-490F-983F-2EC3DD314C63}.Ad-Hoc|iPhone.Build.0 = Release|Any CPU
		{1EC6AEAC-6164-490F-983F-2EC3DD314C63}.Ad-Hoc|iPhone.Deploy.0 = Release|Any CPU
		{1EC6AEAC-6164-490F-983F-2EC3DD314C63}.Ad-Hoc|iPhoneSimulator.ActiveCfg = Release|Any CPU
		{1EC6AEAC-6164-490F-983F-2EC3DD314C63}.Ad-Hoc|iPhoneSimulator.Build.0 = Release|Any CPU
		{1EC6AEAC-6164-490F-983F-2EC3DD314C63}.Ad-Hoc|iPhoneSimulator.Deploy.0 = Release|Any CPU
		{1EC6AEAC-6164-490F-983F-2EC3DD314C63}.Ad-Hoc|x64.ActiveCfg = Release|Any CPU
		{1EC6AEAC-6164-490F-983F-2EC3DD314C63}.Ad-Hoc|x64.Build.0 = Release|Any CPU
		{1EC6AEAC-6164-490F-983F-2EC3DD314C63}.Ad-Hoc|x64.Deploy.0 = Release|Any CPU
		{1EC6AEAC-6164-490F-983F-2EC3DD314C63}.Ad-Hoc|x86.ActiveCfg = Release|Any CPU
		{1EC6AEAC-6164-490F-983F-2EC3DD314C63}.Ad-Hoc|x86.Build.0 = Release|Any CPU
		{1EC6AEAC-6164-490F-983F-2EC3DD314C63}.Ad-Hoc|x86.Deploy.0 = Release|Any CPU
		{1EC6AEAC-6164-490F-983F-2EC3DD314C63}.AppStore|Any CPU.ActiveCfg = Release|Any CPU
		{1EC6AEAC-6164-490F-983F-2EC3DD314C63}.AppStore|Any CPU.Build.0 = Release|Any CPU
		{1EC6AEAC-6164-490F-983F-2EC3DD314C63}.AppStore|Any CPU.Deploy.0 = Release|Any CPU
		{1EC6AEAC-6164-490F-983F-2EC3DD314C63}.AppStore|ARM.ActiveCfg = Release|Any CPU
		{1EC6AEAC-6164-490F-983F-2EC3DD314C63}.AppStore|ARM.Build.0 = Release|Any CPU
		{1EC6AEAC-6164-490F-983F-2EC3DD314C63}.AppStore|ARM.Deploy.0 = Release|Any CPU
		{1EC6AEAC-6164-490F-983F-2EC3DD314C63}.AppStore|iPhone.ActiveCfg = Release|Any CPU
		{1EC6AEAC-6164-490F-983F-2EC3DD314C63}.AppStore|iPhone.Build.0 = Release|Any CPU
		{1EC6AEAC-6164-490F-983F-2EC3DD314C63}.AppStore|iPhone.Deploy.0 = Release|Any CPU
		{1EC6AEAC-6164-490F-983F-2EC3DD314C63}.AppStore|iPhoneSimulator.ActiveCfg = Release|Any CPU
		{1EC6AEAC-6164-490F-983F-2EC3DD314C63}.AppStore|iPhoneSimulator.Build.0 = Release|Any CPU
		{1EC6AEAC-6164-490F-983F-2EC3DD314C63}.AppStore|iPhoneSimulator.Deploy.0 = Release|Any CPU
		{1EC6AEAC-6164-490F-983F-2EC3DD314C63}.AppStore|x64.ActiveCfg = Release|Any CPU
		{1EC6AEAC-6164-490F-983F-2EC3DD314C63}.AppStore|x64.Build.0 = Release|Any CPU
		{1EC6AEAC-6164-490F-983F-2EC3DD314C63}.AppStore|x64.Deploy.0 = Release|Any CPU
		{1EC6AEAC-6164-490F-983F-2EC3DD314C63}.AppStore|x86.ActiveCfg = Release|Any CPU
		{1EC6AEAC-6164-490F-983F-2EC3DD314C63}.AppStore|x86.Build.0 = Release|Any CPU
		{1EC6AEAC-6164-490F-983F-2EC3DD314C63}.AppStore|x86.Deploy.0 = Release|Any CPU
		{1EC6AEAC-6164-490F-983F-2EC3DD314C63}.Debug|Any CPU.ActiveCfg = Debug|Any CPU
		{1EC6AEAC-6164-490F-983F-2EC3DD314C63}.Debug|Any CPU.Build.0 = Debug|Any CPU
		{1EC6AEAC-6164-490F-983F-2EC3DD314C63}.Debug|Any CPU.Deploy.0 = Debug|Any CPU
		{1EC6AEAC-6164-490F-983F-2EC3DD314C63}.Debug|ARM.ActiveCfg = Debug|Any CPU
		{1EC6AEAC-6164-490F-983F-2EC3DD314C63}.Debug|ARM.Build.0 = Debug|Any CPU
		{1EC6AEAC-6164-490F-983F-2EC3DD314C63}.Debug|ARM.Deploy.0 = Debug|Any CPU
		{1EC6AEAC-6164-490F-983F-2EC3DD314C63}.Debug|iPhone.ActiveCfg = Debug|Any CPU
		{1EC6AEAC-6164-490F-983F-2EC3DD314C63}.Debug|iPhone.Build.0 = Debug|Any CPU
		{1EC6AEAC-6164-490F-983F-2EC3DD314C63}.Debug|iPhone.Deploy.0 = Debug|Any CPU
		{1EC6AEAC-6164-490F-983F-2EC3DD314C63}.Debug|iPhoneSimulator.ActiveCfg = Debug|Any CPU
		{1EC6AEAC-6164-490F-983F-2EC3DD314C63}.Debug|iPhoneSimulator.Build.0 = Debug|Any CPU
		{1EC6AEAC-6164-490F-983F-2EC3DD314C63}.Debug|iPhoneSimulator.Deploy.0 = Debug|Any CPU
		{1EC6AEAC-6164-490F-983F-2EC3DD314C63}.Debug|x64.ActiveCfg = Debug|Any CPU
		{1EC6AEAC-6164-490F-983F-2EC3DD314C63}.Debug|x64.Build.0 = Debug|Any CPU
		{1EC6AEAC-6164-490F-983F-2EC3DD314C63}.Debug|x64.Deploy.0 = Debug|Any CPU
		{1EC6AEAC-6164-490F-983F-2EC3DD314C63}.Debug|x86.ActiveCfg = Debug|Any CPU
		{1EC6AEAC-6164-490F-983F-2EC3DD314C63}.Debug|x86.Build.0 = Debug|Any CPU
		{1EC6AEAC-6164-490F-983F-2EC3DD314C63}.Debug|x86.Deploy.0 = Debug|Any CPU
		{1EC6AEAC-6164-490F-983F-2EC3DD314C63}.Release|Any CPU.ActiveCfg = Release|Any CPU
		{1EC6AEAC-6164-490F-983F-2EC3DD314C63}.Release|Any CPU.Build.0 = Release|Any CPU
		{1EC6AEAC-6164-490F-983F-2EC3DD314C63}.Release|Any CPU.Deploy.0 = Release|Any CPU
		{1EC6AEAC-6164-490F-983F-2EC3DD314C63}.Release|ARM.ActiveCfg = Release|Any CPU
		{1EC6AEAC-6164-490F-983F-2EC3DD314C63}.Release|ARM.Build.0 = Release|Any CPU
		{1EC6AEAC-6164-490F-983F-2EC3DD314C63}.Release|ARM.Deploy.0 = Release|Any CPU
		{1EC6AEAC-6164-490F-983F-2EC3DD314C63}.Release|iPhone.ActiveCfg = Release|Any CPU
		{1EC6AEAC-6164-490F-983F-2EC3DD314C63}.Release|iPhone.Build.0 = Release|Any CPU
		{1EC6AEAC-6164-490F-983F-2EC3DD314C63}.Release|iPhone.Deploy.0 = Release|Any CPU
		{1EC6AEAC-6164-490F-983F-2EC3DD314C63}.Release|iPhoneSimulator.ActiveCfg = Release|Any CPU
		{1EC6AEAC-6164-490F-983F-2EC3DD314C63}.Release|iPhoneSimulator.Build.0 = Release|Any CPU
		{1EC6AEAC-6164-490F-983F-2EC3DD314C63}.Release|iPhoneSimulator.Deploy.0 = Release|Any CPU
		{1EC6AEAC-6164-490F-983F-2EC3DD314C63}.Release|x64.ActiveCfg = Release|Any CPU
		{1EC6AEAC-6164-490F-983F-2EC3DD314C63}.Release|x64.Build.0 = Release|Any CPU
		{1EC6AEAC-6164-490F-983F-2EC3DD314C63}.Release|x64.Deploy.0 = Release|Any CPU
		{1EC6AEAC-6164-490F-983F-2EC3DD314C63}.Release|x86.ActiveCfg = Release|Any CPU
		{1EC6AEAC-6164-490F-983F-2EC3DD314C63}.Release|x86.Build.0 = Release|Any CPU
		{1EC6AEAC-6164-490F-983F-2EC3DD314C63}.Release|x86.Deploy.0 = Release|Any CPU
		{B85CBD81-B726-4D0F-8829-9E9E5DFB2B54}.Ad-Hoc|Any CPU.ActiveCfg = Ad-Hoc|iPhone
		{B85CBD81-B726-4D0F-8829-9E9E5DFB2B54}.Ad-Hoc|ARM.ActiveCfg = Ad-Hoc|iPhone
		{B85CBD81-B726-4D0F-8829-9E9E5DFB2B54}.Ad-Hoc|iPhone.ActiveCfg = Ad-Hoc|iPhone
		{B85CBD81-B726-4D0F-8829-9E9E5DFB2B54}.Ad-Hoc|iPhone.Build.0 = Ad-Hoc|iPhone
		{B85CBD81-B726-4D0F-8829-9E9E5DFB2B54}.Ad-Hoc|iPhoneSimulator.ActiveCfg = Ad-Hoc|iPhoneSimulator
		{B85CBD81-B726-4D0F-8829-9E9E5DFB2B54}.Ad-Hoc|iPhoneSimulator.Build.0 = Ad-Hoc|iPhoneSimulator
		{B85CBD81-B726-4D0F-8829-9E9E5DFB2B54}.Ad-Hoc|x64.ActiveCfg = Ad-Hoc|iPhone
		{B85CBD81-B726-4D0F-8829-9E9E5DFB2B54}.Ad-Hoc|x86.ActiveCfg = Ad-Hoc|iPhone
		{B85CBD81-B726-4D0F-8829-9E9E5DFB2B54}.AppStore|Any CPU.ActiveCfg = AppStore|iPhone
		{B85CBD81-B726-4D0F-8829-9E9E5DFB2B54}.AppStore|ARM.ActiveCfg = AppStore|iPhone
		{B85CBD81-B726-4D0F-8829-9E9E5DFB2B54}.AppStore|iPhone.ActiveCfg = AppStore|iPhone
		{B85CBD81-B726-4D0F-8829-9E9E5DFB2B54}.AppStore|iPhone.Build.0 = AppStore|iPhone
		{B85CBD81-B726-4D0F-8829-9E9E5DFB2B54}.AppStore|iPhoneSimulator.ActiveCfg = AppStore|iPhoneSimulator
		{B85CBD81-B726-4D0F-8829-9E9E5DFB2B54}.AppStore|iPhoneSimulator.Build.0 = AppStore|iPhoneSimulator
		{B85CBD81-B726-4D0F-8829-9E9E5DFB2B54}.AppStore|x64.ActiveCfg = AppStore|iPhone
		{B85CBD81-B726-4D0F-8829-9E9E5DFB2B54}.AppStore|x86.ActiveCfg = AppStore|iPhone
		{B85CBD81-B726-4D0F-8829-9E9E5DFB2B54}.Debug|Any CPU.ActiveCfg = Debug|iPhone
		{B85CBD81-B726-4D0F-8829-9E9E5DFB2B54}.Debug|ARM.ActiveCfg = Debug|iPhone
		{B85CBD81-B726-4D0F-8829-9E9E5DFB2B54}.Debug|iPhone.ActiveCfg = Debug|iPhone
		{B85CBD81-B726-4D0F-8829-9E9E5DFB2B54}.Debug|iPhone.Build.0 = Debug|iPhone
		{B85CBD81-B726-4D0F-8829-9E9E5DFB2B54}.Debug|iPhoneSimulator.ActiveCfg = Debug|iPhoneSimulator
		{B85CBD81-B726-4D0F-8829-9E9E5DFB2B54}.Debug|iPhoneSimulator.Build.0 = Debug|iPhoneSimulator
		{B85CBD81-B726-4D0F-8829-9E9E5DFB2B54}.Debug|x64.ActiveCfg = Debug|iPhone
		{B85CBD81-B726-4D0F-8829-9E9E5DFB2B54}.Debug|x86.ActiveCfg = Debug|iPhone
		{B85CBD81-B726-4D0F-8829-9E9E5DFB2B54}.Release|Any CPU.ActiveCfg = Release|iPhone
		{B85CBD81-B726-4D0F-8829-9E9E5DFB2B54}.Release|ARM.ActiveCfg = Release|iPhone
		{B85CBD81-B726-4D0F-8829-9E9E5DFB2B54}.Release|iPhone.ActiveCfg = Release|iPhone
		{B85CBD81-B726-4D0F-8829-9E9E5DFB2B54}.Release|iPhone.Build.0 = Release|iPhone
		{B85CBD81-B726-4D0F-8829-9E9E5DFB2B54}.Release|iPhoneSimulator.ActiveCfg = Release|iPhoneSimulator
		{B85CBD81-B726-4D0F-8829-9E9E5DFB2B54}.Release|iPhoneSimulator.Build.0 = Release|iPhoneSimulator
		{B85CBD81-B726-4D0F-8829-9E9E5DFB2B54}.Release|x64.ActiveCfg = Release|iPhone
		{B85CBD81-B726-4D0F-8829-9E9E5DFB2B54}.Release|x86.ActiveCfg = Release|iPhone
		{5BE2DD6B-3AEE-4557-A875-93BFC2AE8FF1}.Ad-Hoc|Any CPU.ActiveCfg = Debug|Any CPU
		{5BE2DD6B-3AEE-4557-A875-93BFC2AE8FF1}.Ad-Hoc|Any CPU.Build.0 = Debug|Any CPU
		{5BE2DD6B-3AEE-4557-A875-93BFC2AE8FF1}.Ad-Hoc|ARM.ActiveCfg = Debug|Any CPU
		{5BE2DD6B-3AEE-4557-A875-93BFC2AE8FF1}.Ad-Hoc|ARM.Build.0 = Debug|Any CPU
		{5BE2DD6B-3AEE-4557-A875-93BFC2AE8FF1}.Ad-Hoc|iPhone.ActiveCfg = Debug|Any CPU
		{5BE2DD6B-3AEE-4557-A875-93BFC2AE8FF1}.Ad-Hoc|iPhone.Build.0 = Debug|Any CPU
		{5BE2DD6B-3AEE-4557-A875-93BFC2AE8FF1}.Ad-Hoc|iPhoneSimulator.ActiveCfg = Debug|Any CPU
		{5BE2DD6B-3AEE-4557-A875-93BFC2AE8FF1}.Ad-Hoc|iPhoneSimulator.Build.0 = Debug|Any CPU
		{5BE2DD6B-3AEE-4557-A875-93BFC2AE8FF1}.Ad-Hoc|x64.ActiveCfg = Debug|Any CPU
		{5BE2DD6B-3AEE-4557-A875-93BFC2AE8FF1}.Ad-Hoc|x64.Build.0 = Debug|Any CPU
		{5BE2DD6B-3AEE-4557-A875-93BFC2AE8FF1}.Ad-Hoc|x86.ActiveCfg = Debug|Any CPU
		{5BE2DD6B-3AEE-4557-A875-93BFC2AE8FF1}.Ad-Hoc|x86.Build.0 = Debug|Any CPU
		{5BE2DD6B-3AEE-4557-A875-93BFC2AE8FF1}.AppStore|Any CPU.ActiveCfg = Debug|Any CPU
		{5BE2DD6B-3AEE-4557-A875-93BFC2AE8FF1}.AppStore|Any CPU.Build.0 = Debug|Any CPU
		{5BE2DD6B-3AEE-4557-A875-93BFC2AE8FF1}.AppStore|ARM.ActiveCfg = Debug|Any CPU
		{5BE2DD6B-3AEE-4557-A875-93BFC2AE8FF1}.AppStore|ARM.Build.0 = Debug|Any CPU
		{5BE2DD6B-3AEE-4557-A875-93BFC2AE8FF1}.AppStore|iPhone.ActiveCfg = Debug|Any CPU
		{5BE2DD6B-3AEE-4557-A875-93BFC2AE8FF1}.AppStore|iPhone.Build.0 = Debug|Any CPU
		{5BE2DD6B-3AEE-4557-A875-93BFC2AE8FF1}.AppStore|iPhoneSimulator.ActiveCfg = Debug|Any CPU
		{5BE2DD6B-3AEE-4557-A875-93BFC2AE8FF1}.AppStore|iPhoneSimulator.Build.0 = Debug|Any CPU
		{5BE2DD6B-3AEE-4557-A875-93BFC2AE8FF1}.AppStore|x64.ActiveCfg = Debug|Any CPU
		{5BE2DD6B-3AEE-4557-A875-93BFC2AE8FF1}.AppStore|x64.Build.0 = Debug|Any CPU
		{5BE2DD6B-3AEE-4557-A875-93BFC2AE8FF1}.AppStore|x86.ActiveCfg = Debug|Any CPU
		{5BE2DD6B-3AEE-4557-A875-93BFC2AE8FF1}.AppStore|x86.Build.0 = Debug|Any CPU
		{5BE2DD6B-3AEE-4557-A875-93BFC2AE8FF1}.Debug|Any CPU.ActiveCfg = Debug|Any CPU
		{5BE2DD6B-3AEE-4557-A875-93BFC2AE8FF1}.Debug|Any CPU.Build.0 = Debug|Any CPU
		{5BE2DD6B-3AEE-4557-A875-93BFC2AE8FF1}.Debug|ARM.ActiveCfg = Debug|Any CPU
		{5BE2DD6B-3AEE-4557-A875-93BFC2AE8FF1}.Debug|ARM.Build.0 = Debug|Any CPU
		{5BE2DD6B-3AEE-4557-A875-93BFC2AE8FF1}.Debug|iPhone.ActiveCfg = Debug|Any CPU
		{5BE2DD6B-3AEE-4557-A875-93BFC2AE8FF1}.Debug|iPhone.Build.0 = Debug|Any CPU
		{5BE2DD6B-3AEE-4557-A875-93BFC2AE8FF1}.Debug|iPhoneSimulator.ActiveCfg = Debug|Any CPU
		{5BE2DD6B-3AEE-4557-A875-93BFC2AE8FF1}.Debug|iPhoneSimulator.Build.0 = Debug|Any CPU
		{5BE2DD6B-3AEE-4557-A875-93BFC2AE8FF1}.Debug|x64.ActiveCfg = Debug|Any CPU
		{5BE2DD6B-3AEE-4557-A875-93BFC2AE8FF1}.Debug|x64.Build.0 = Debug|Any CPU
		{5BE2DD6B-3AEE-4557-A875-93BFC2AE8FF1}.Debug|x86.ActiveCfg = Debug|Any CPU
		{5BE2DD6B-3AEE-4557-A875-93BFC2AE8FF1}.Debug|x86.Build.0 = Debug|Any CPU
		{5BE2DD6B-3AEE-4557-A875-93BFC2AE8FF1}.Release|Any CPU.ActiveCfg = Release|Any CPU
		{5BE2DD6B-3AEE-4557-A875-93BFC2AE8FF1}.Release|Any CPU.Build.0 = Release|Any CPU
		{5BE2DD6B-3AEE-4557-A875-93BFC2AE8FF1}.Release|ARM.ActiveCfg = Release|Any CPU
		{5BE2DD6B-3AEE-4557-A875-93BFC2AE8FF1}.Release|ARM.Build.0 = Release|Any CPU
		{5BE2DD6B-3AEE-4557-A875-93BFC2AE8FF1}.Release|iPhone.ActiveCfg = Release|Any CPU
		{5BE2DD6B-3AEE-4557-A875-93BFC2AE8FF1}.Release|iPhone.Build.0 = Release|Any CPU
		{5BE2DD6B-3AEE-4557-A875-93BFC2AE8FF1}.Release|iPhoneSimulator.ActiveCfg = Release|Any CPU
		{5BE2DD6B-3AEE-4557-A875-93BFC2AE8FF1}.Release|iPhoneSimulator.Build.0 = Release|Any CPU
		{5BE2DD6B-3AEE-4557-A875-93BFC2AE8FF1}.Release|x64.ActiveCfg = Release|Any CPU
		{5BE2DD6B-3AEE-4557-A875-93BFC2AE8FF1}.Release|x64.Build.0 = Release|Any CPU
		{5BE2DD6B-3AEE-4557-A875-93BFC2AE8FF1}.Release|x86.ActiveCfg = Release|Any CPU
		{5BE2DD6B-3AEE-4557-A875-93BFC2AE8FF1}.Release|x86.Build.0 = Release|Any CPU
		{453522E0-FEE4-4E33-9CBA-812FAFDAFC8A}.Ad-Hoc|Any CPU.ActiveCfg = Debug|Any CPU
		{453522E0-FEE4-4E33-9CBA-812FAFDAFC8A}.Ad-Hoc|Any CPU.Build.0 = Debug|Any CPU
		{453522E0-FEE4-4E33-9CBA-812FAFDAFC8A}.Ad-Hoc|ARM.ActiveCfg = Debug|Any CPU
		{453522E0-FEE4-4E33-9CBA-812FAFDAFC8A}.Ad-Hoc|ARM.Build.0 = Debug|Any CPU
		{453522E0-FEE4-4E33-9CBA-812FAFDAFC8A}.Ad-Hoc|iPhone.ActiveCfg = Debug|Any CPU
		{453522E0-FEE4-4E33-9CBA-812FAFDAFC8A}.Ad-Hoc|iPhone.Build.0 = Debug|Any CPU
		{453522E0-FEE4-4E33-9CBA-812FAFDAFC8A}.Ad-Hoc|iPhoneSimulator.ActiveCfg = Debug|Any CPU
		{453522E0-FEE4-4E33-9CBA-812FAFDAFC8A}.Ad-Hoc|iPhoneSimulator.Build.0 = Debug|Any CPU
		{453522E0-FEE4-4E33-9CBA-812FAFDAFC8A}.Ad-Hoc|x64.ActiveCfg = Debug|Any CPU
		{453522E0-FEE4-4E33-9CBA-812FAFDAFC8A}.Ad-Hoc|x64.Build.0 = Debug|Any CPU
		{453522E0-FEE4-4E33-9CBA-812FAFDAFC8A}.Ad-Hoc|x86.ActiveCfg = Debug|Any CPU
		{453522E0-FEE4-4E33-9CBA-812FAFDAFC8A}.Ad-Hoc|x86.Build.0 = Debug|Any CPU
		{453522E0-FEE4-4E33-9CBA-812FAFDAFC8A}.AppStore|Any CPU.ActiveCfg = Debug|Any CPU
		{453522E0-FEE4-4E33-9CBA-812FAFDAFC8A}.AppStore|Any CPU.Build.0 = Debug|Any CPU
		{453522E0-FEE4-4E33-9CBA-812FAFDAFC8A}.AppStore|ARM.ActiveCfg = Debug|Any CPU
		{453522E0-FEE4-4E33-9CBA-812FAFDAFC8A}.AppStore|ARM.Build.0 = Debug|Any CPU
		{453522E0-FEE4-4E33-9CBA-812FAFDAFC8A}.AppStore|iPhone.ActiveCfg = Debug|Any CPU
		{453522E0-FEE4-4E33-9CBA-812FAFDAFC8A}.AppStore|iPhone.Build.0 = Debug|Any CPU
		{453522E0-FEE4-4E33-9CBA-812FAFDAFC8A}.AppStore|iPhoneSimulator.ActiveCfg = Debug|Any CPU
		{453522E0-FEE4-4E33-9CBA-812FAFDAFC8A}.AppStore|iPhoneSimulator.Build.0 = Debug|Any CPU
		{453522E0-FEE4-4E33-9CBA-812FAFDAFC8A}.AppStore|x64.ActiveCfg = Debug|Any CPU
		{453522E0-FEE4-4E33-9CBA-812FAFDAFC8A}.AppStore|x64.Build.0 = Debug|Any CPU
		{453522E0-FEE4-4E33-9CBA-812FAFDAFC8A}.AppStore|x86.ActiveCfg = Debug|Any CPU
		{453522E0-FEE4-4E33-9CBA-812FAFDAFC8A}.AppStore|x86.Build.0 = Debug|Any CPU
		{453522E0-FEE4-4E33-9CBA-812FAFDAFC8A}.Debug|Any CPU.ActiveCfg = Debug|Any CPU
		{453522E0-FEE4-4E33-9CBA-812FAFDAFC8A}.Debug|Any CPU.Build.0 = Debug|Any CPU
		{453522E0-FEE4-4E33-9CBA-812FAFDAFC8A}.Debug|ARM.ActiveCfg = Debug|Any CPU
		{453522E0-FEE4-4E33-9CBA-812FAFDAFC8A}.Debug|ARM.Build.0 = Debug|Any CPU
		{453522E0-FEE4-4E33-9CBA-812FAFDAFC8A}.Debug|iPhone.ActiveCfg = Debug|Any CPU
		{453522E0-FEE4-4E33-9CBA-812FAFDAFC8A}.Debug|iPhone.Build.0 = Debug|Any CPU
		{453522E0-FEE4-4E33-9CBA-812FAFDAFC8A}.Debug|iPhoneSimulator.ActiveCfg = Debug|Any CPU
		{453522E0-FEE4-4E33-9CBA-812FAFDAFC8A}.Debug|iPhoneSimulator.Build.0 = Debug|Any CPU
		{453522E0-FEE4-4E33-9CBA-812FAFDAFC8A}.Debug|x64.ActiveCfg = Debug|Any CPU
		{453522E0-FEE4-4E33-9CBA-812FAFDAFC8A}.Debug|x64.Build.0 = Debug|Any CPU
		{453522E0-FEE4-4E33-9CBA-812FAFDAFC8A}.Debug|x86.ActiveCfg = Debug|Any CPU
		{453522E0-FEE4-4E33-9CBA-812FAFDAFC8A}.Debug|x86.Build.0 = Debug|Any CPU
		{453522E0-FEE4-4E33-9CBA-812FAFDAFC8A}.Release|Any CPU.ActiveCfg = Release|Any CPU
		{453522E0-FEE4-4E33-9CBA-812FAFDAFC8A}.Release|Any CPU.Build.0 = Release|Any CPU
		{453522E0-FEE4-4E33-9CBA-812FAFDAFC8A}.Release|ARM.ActiveCfg = Release|Any CPU
		{453522E0-FEE4-4E33-9CBA-812FAFDAFC8A}.Release|ARM.Build.0 = Release|Any CPU
		{453522E0-FEE4-4E33-9CBA-812FAFDAFC8A}.Release|iPhone.ActiveCfg = Release|Any CPU
		{453522E0-FEE4-4E33-9CBA-812FAFDAFC8A}.Release|iPhone.Build.0 = Release|Any CPU
		{453522E0-FEE4-4E33-9CBA-812FAFDAFC8A}.Release|iPhoneSimulator.ActiveCfg = Release|Any CPU
		{453522E0-FEE4-4E33-9CBA-812FAFDAFC8A}.Release|iPhoneSimulator.Build.0 = Release|Any CPU
		{453522E0-FEE4-4E33-9CBA-812FAFDAFC8A}.Release|x64.ActiveCfg = Release|Any CPU
		{453522E0-FEE4-4E33-9CBA-812FAFDAFC8A}.Release|x64.Build.0 = Release|Any CPU
		{453522E0-FEE4-4E33-9CBA-812FAFDAFC8A}.Release|x86.ActiveCfg = Release|Any CPU
		{453522E0-FEE4-4E33-9CBA-812FAFDAFC8A}.Release|x86.Build.0 = Release|Any CPU
		{CAF25E43-1135-4D44-A88A-8B5DAEE70375}.Ad-Hoc|Any CPU.ActiveCfg = Debug|Any CPU
		{CAF25E43-1135-4D44-A88A-8B5DAEE70375}.Ad-Hoc|Any CPU.Build.0 = Debug|Any CPU
		{CAF25E43-1135-4D44-A88A-8B5DAEE70375}.Ad-Hoc|ARM.ActiveCfg = Debug|Any CPU
		{CAF25E43-1135-4D44-A88A-8B5DAEE70375}.Ad-Hoc|ARM.Build.0 = Debug|Any CPU
		{CAF25E43-1135-4D44-A88A-8B5DAEE70375}.Ad-Hoc|iPhone.ActiveCfg = Debug|Any CPU
		{CAF25E43-1135-4D44-A88A-8B5DAEE70375}.Ad-Hoc|iPhone.Build.0 = Debug|Any CPU
		{CAF25E43-1135-4D44-A88A-8B5DAEE70375}.Ad-Hoc|iPhoneSimulator.ActiveCfg = Debug|Any CPU
		{CAF25E43-1135-4D44-A88A-8B5DAEE70375}.Ad-Hoc|iPhoneSimulator.Build.0 = Debug|Any CPU
		{CAF25E43-1135-4D44-A88A-8B5DAEE70375}.Ad-Hoc|x64.ActiveCfg = Debug|Any CPU
		{CAF25E43-1135-4D44-A88A-8B5DAEE70375}.Ad-Hoc|x64.Build.0 = Debug|Any CPU
		{CAF25E43-1135-4D44-A88A-8B5DAEE70375}.Ad-Hoc|x86.ActiveCfg = Debug|Any CPU
		{CAF25E43-1135-4D44-A88A-8B5DAEE70375}.Ad-Hoc|x86.Build.0 = Debug|Any CPU
		{CAF25E43-1135-4D44-A88A-8B5DAEE70375}.AppStore|Any CPU.ActiveCfg = Debug|Any CPU
		{CAF25E43-1135-4D44-A88A-8B5DAEE70375}.AppStore|Any CPU.Build.0 = Debug|Any CPU
		{CAF25E43-1135-4D44-A88A-8B5DAEE70375}.AppStore|ARM.ActiveCfg = Debug|Any CPU
		{CAF25E43-1135-4D44-A88A-8B5DAEE70375}.AppStore|ARM.Build.0 = Debug|Any CPU
		{CAF25E43-1135-4D44-A88A-8B5DAEE70375}.AppStore|iPhone.ActiveCfg = Debug|Any CPU
		{CAF25E43-1135-4D44-A88A-8B5DAEE70375}.AppStore|iPhone.Build.0 = Debug|Any CPU
		{CAF25E43-1135-4D44-A88A-8B5DAEE70375}.AppStore|iPhoneSimulator.ActiveCfg = Debug|Any CPU
		{CAF25E43-1135-4D44-A88A-8B5DAEE70375}.AppStore|iPhoneSimulator.Build.0 = Debug|Any CPU
		{CAF25E43-1135-4D44-A88A-8B5DAEE70375}.AppStore|x64.ActiveCfg = Debug|Any CPU
		{CAF25E43-1135-4D44-A88A-8B5DAEE70375}.AppStore|x64.Build.0 = Debug|Any CPU
		{CAF25E43-1135-4D44-A88A-8B5DAEE70375}.AppStore|x86.ActiveCfg = Debug|Any CPU
		{CAF25E43-1135-4D44-A88A-8B5DAEE70375}.AppStore|x86.Build.0 = Debug|Any CPU
		{CAF25E43-1135-4D44-A88A-8B5DAEE70375}.Debug|Any CPU.ActiveCfg = Debug|Any CPU
		{CAF25E43-1135-4D44-A88A-8B5DAEE70375}.Debug|Any CPU.Build.0 = Debug|Any CPU
		{CAF25E43-1135-4D44-A88A-8B5DAEE70375}.Debug|ARM.ActiveCfg = Debug|Any CPU
		{CAF25E43-1135-4D44-A88A-8B5DAEE70375}.Debug|ARM.Build.0 = Debug|Any CPU
		{CAF25E43-1135-4D44-A88A-8B5DAEE70375}.Debug|iPhone.ActiveCfg = Debug|Any CPU
		{CAF25E43-1135-4D44-A88A-8B5DAEE70375}.Debug|iPhone.Build.0 = Debug|Any CPU
		{CAF25E43-1135-4D44-A88A-8B5DAEE70375}.Debug|iPhoneSimulator.ActiveCfg = Debug|Any CPU
		{CAF25E43-1135-4D44-A88A-8B5DAEE70375}.Debug|iPhoneSimulator.Build.0 = Debug|Any CPU
		{CAF25E43-1135-4D44-A88A-8B5DAEE70375}.Debug|x64.ActiveCfg = Debug|Any CPU
		{CAF25E43-1135-4D44-A88A-8B5DAEE70375}.Debug|x64.Build.0 = Debug|Any CPU
		{CAF25E43-1135-4D44-A88A-8B5DAEE70375}.Debug|x86.ActiveCfg = Debug|Any CPU
		{CAF25E43-1135-4D44-A88A-8B5DAEE70375}.Debug|x86.Build.0 = Debug|Any CPU
		{CAF25E43-1135-4D44-A88A-8B5DAEE70375}.Release|Any CPU.ActiveCfg = Release|Any CPU
		{CAF25E43-1135-4D44-A88A-8B5DAEE70375}.Release|Any CPU.Build.0 = Release|Any CPU
		{CAF25E43-1135-4D44-A88A-8B5DAEE70375}.Release|ARM.ActiveCfg = Release|Any CPU
		{CAF25E43-1135-4D44-A88A-8B5DAEE70375}.Release|ARM.Build.0 = Release|Any CPU
		{CAF25E43-1135-4D44-A88A-8B5DAEE70375}.Release|iPhone.ActiveCfg = Release|Any CPU
		{CAF25E43-1135-4D44-A88A-8B5DAEE70375}.Release|iPhone.Build.0 = Release|Any CPU
		{CAF25E43-1135-4D44-A88A-8B5DAEE70375}.Release|iPhoneSimulator.ActiveCfg = Release|Any CPU
		{CAF25E43-1135-4D44-A88A-8B5DAEE70375}.Release|iPhoneSimulator.Build.0 = Release|Any CPU
		{CAF25E43-1135-4D44-A88A-8B5DAEE70375}.Release|x64.ActiveCfg = Release|Any CPU
		{CAF25E43-1135-4D44-A88A-8B5DAEE70375}.Release|x64.Build.0 = Release|Any CPU
		{CAF25E43-1135-4D44-A88A-8B5DAEE70375}.Release|x86.ActiveCfg = Release|Any CPU
		{CAF25E43-1135-4D44-A88A-8B5DAEE70375}.Release|x86.Build.0 = Release|Any CPU
		{A8315C2A-A126-4690-BC62-358300AA6E5D}.Ad-Hoc|Any CPU.ActiveCfg = Release|Any CPU
		{A8315C2A-A126-4690-BC62-358300AA6E5D}.Ad-Hoc|Any CPU.Build.0 = Release|Any CPU
		{A8315C2A-A126-4690-BC62-358300AA6E5D}.Ad-Hoc|ARM.ActiveCfg = Release|Any CPU
		{A8315C2A-A126-4690-BC62-358300AA6E5D}.Ad-Hoc|ARM.Build.0 = Release|Any CPU
		{A8315C2A-A126-4690-BC62-358300AA6E5D}.Ad-Hoc|iPhone.ActiveCfg = Release|Any CPU
		{A8315C2A-A126-4690-BC62-358300AA6E5D}.Ad-Hoc|iPhone.Build.0 = Release|Any CPU
		{A8315C2A-A126-4690-BC62-358300AA6E5D}.Ad-Hoc|iPhoneSimulator.ActiveCfg = Release|Any CPU
		{A8315C2A-A126-4690-BC62-358300AA6E5D}.Ad-Hoc|iPhoneSimulator.Build.0 = Release|Any CPU
		{A8315C2A-A126-4690-BC62-358300AA6E5D}.Ad-Hoc|x64.ActiveCfg = Release|Any CPU
		{A8315C2A-A126-4690-BC62-358300AA6E5D}.Ad-Hoc|x64.Build.0 = Release|Any CPU
		{A8315C2A-A126-4690-BC62-358300AA6E5D}.Ad-Hoc|x86.ActiveCfg = Release|Any CPU
		{A8315C2A-A126-4690-BC62-358300AA6E5D}.Ad-Hoc|x86.Build.0 = Release|Any CPU
		{A8315C2A-A126-4690-BC62-358300AA6E5D}.AppStore|Any CPU.ActiveCfg = Release|Any CPU
		{A8315C2A-A126-4690-BC62-358300AA6E5D}.AppStore|Any CPU.Build.0 = Release|Any CPU
		{A8315C2A-A126-4690-BC62-358300AA6E5D}.AppStore|ARM.ActiveCfg = Release|Any CPU
		{A8315C2A-A126-4690-BC62-358300AA6E5D}.AppStore|ARM.Build.0 = Release|Any CPU
		{A8315C2A-A126-4690-BC62-358300AA6E5D}.AppStore|iPhone.ActiveCfg = Release|Any CPU
		{A8315C2A-A126-4690-BC62-358300AA6E5D}.AppStore|iPhone.Build.0 = Release|Any CPU
		{A8315C2A-A126-4690-BC62-358300AA6E5D}.AppStore|iPhoneSimulator.ActiveCfg = Release|Any CPU
		{A8315C2A-A126-4690-BC62-358300AA6E5D}.AppStore|iPhoneSimulator.Build.0 = Release|Any CPU
		{A8315C2A-A126-4690-BC62-358300AA6E5D}.AppStore|x64.ActiveCfg = Release|Any CPU
		{A8315C2A-A126-4690-BC62-358300AA6E5D}.AppStore|x64.Build.0 = Release|Any CPU
		{A8315C2A-A126-4690-BC62-358300AA6E5D}.AppStore|x86.ActiveCfg = Release|Any CPU
		{A8315C2A-A126-4690-BC62-358300AA6E5D}.AppStore|x86.Build.0 = Release|Any CPU
		{A8315C2A-A126-4690-BC62-358300AA6E5D}.Debug|Any CPU.ActiveCfg = Debug|Any CPU
		{A8315C2A-A126-4690-BC62-358300AA6E5D}.Debug|Any CPU.Build.0 = Debug|Any CPU
		{A8315C2A-A126-4690-BC62-358300AA6E5D}.Debug|ARM.ActiveCfg = Debug|Any CPU
		{A8315C2A-A126-4690-BC62-358300AA6E5D}.Debug|ARM.Build.0 = Debug|Any CPU
		{A8315C2A-A126-4690-BC62-358300AA6E5D}.Debug|iPhone.ActiveCfg = Debug|Any CPU
		{A8315C2A-A126-4690-BC62-358300AA6E5D}.Debug|iPhone.Build.0 = Debug|Any CPU
		{A8315C2A-A126-4690-BC62-358300AA6E5D}.Debug|iPhoneSimulator.ActiveCfg = Debug|Any CPU
		{A8315C2A-A126-4690-BC62-358300AA6E5D}.Debug|iPhoneSimulator.Build.0 = Debug|Any CPU
		{A8315C2A-A126-4690-BC62-358300AA6E5D}.Debug|x64.ActiveCfg = Debug|Any CPU
		{A8315C2A-A126-4690-BC62-358300AA6E5D}.Debug|x64.Build.0 = Debug|Any CPU
		{A8315C2A-A126-4690-BC62-358300AA6E5D}.Debug|x86.ActiveCfg = Debug|Any CPU
		{A8315C2A-A126-4690-BC62-358300AA6E5D}.Debug|x86.Build.0 = Debug|Any CPU
		{A8315C2A-A126-4690-BC62-358300AA6E5D}.Release|Any CPU.ActiveCfg = Release|Any CPU
		{A8315C2A-A126-4690-BC62-358300AA6E5D}.Release|Any CPU.Build.0 = Release|Any CPU
		{A8315C2A-A126-4690-BC62-358300AA6E5D}.Release|ARM.ActiveCfg = Release|Any CPU
		{A8315C2A-A126-4690-BC62-358300AA6E5D}.Release|ARM.Build.0 = Release|Any CPU
		{A8315C2A-A126-4690-BC62-358300AA6E5D}.Release|iPhone.ActiveCfg = Release|Any CPU
		{A8315C2A-A126-4690-BC62-358300AA6E5D}.Release|iPhone.Build.0 = Release|Any CPU
		{A8315C2A-A126-4690-BC62-358300AA6E5D}.Release|iPhoneSimulator.ActiveCfg = Release|Any CPU
		{A8315C2A-A126-4690-BC62-358300AA6E5D}.Release|iPhoneSimulator.Build.0 = Release|Any CPU
		{A8315C2A-A126-4690-BC62-358300AA6E5D}.Release|x64.ActiveCfg = Release|Any CPU
		{A8315C2A-A126-4690-BC62-358300AA6E5D}.Release|x64.Build.0 = Release|Any CPU
		{A8315C2A-A126-4690-BC62-358300AA6E5D}.Release|x86.ActiveCfg = Release|Any CPU
		{A8315C2A-A126-4690-BC62-358300AA6E5D}.Release|x86.Build.0 = Release|Any CPU
	EndGlobalSection
	GlobalSection(SolutionProperties) = preSolution
		HideSolutionNode = FALSE
	EndGlobalSection
	GlobalSection(NestedProjects) = preSolution
		{A8315C2A-A126-4690-BC62-358300AA6E5D} = {211FA8D4-DC4B-4FD8-9D53-E6EF3A221F83}
	EndGlobalSection
	GlobalSection(ExtensibilityGlobals) = postSolution
		SolutionGuid = {F45C93A1-F756-43B1-913C-88075187CBCC}
	EndGlobalSection
EndGlobal
